
Microsoft Visual Studio Solution File, Format Version 11.00
# Visual Studio 2010
Project("{FAE04EC0-301F-11D3-BF4B-00C04F79EFBC}") = "string durchsuchen", "string durchsuchen\string durchsuchen.csproj", "{3F16D62F-C50D-47A9-B4E7-D451365CF982}"
EndProject
Global
	GlobalSection(SolutionConfigurationPlatforms) = preSolution
		Debug|x86 = Debug|x86
		Release|x86 = Release|x86
	EndGlobalSection
	GlobalSection(ProjectConfigurationPlatforms) = postSolution
		{3F16D62F-C50D-47A9-B4E7-D451365CF982}.Debug|x86.ActiveCfg = Debug|x86
		{3F16D62F-C50D-47A9-B4E7-D451365CF982}.Debug|x86.Build.0 = Debug|x86
		{3F16D62F-C50D-47A9-B4E7-D451365CF982}.Release|x86.ActiveCfg = Release|x86
		{3F16D62F-C50D-47A9-B4E7-D451365CF982}.Release|x86.Build.0 = Release|x86
	EndGlobalSection
	GlobalSection(SolutionProperties) = preSolution
		HideSolutionNode = FALSE
	EndGlobalSection
EndGlobal
