
Microsoft Visual Studio Solution File, Format Version 11.00
# Visual Studio 2010
Project("{FAE04EC0-301F-11D3-BF4B-00C04F79EFBC}") = "modulo übung", "modulo übung\modulo übung.csproj", "{D2AAB060-8575-4DB6-AF93-CDC663D427AD}"
EndProject
Global
	GlobalSection(SolutionConfigurationPlatforms) = preSolution
		Debug|x86 = Debug|x86
		Release|x86 = Release|x86
	EndGlobalSection
	GlobalSection(ProjectConfigurationPlatforms) = postSolution
		{D2AAB060-8575-4DB6-AF93-CDC663D427AD}.Debug|x86.ActiveCfg = Debug|x86
		{D2AAB060-8575-4DB6-AF93-CDC663D427AD}.Debug|x86.Build.0 = Debug|x86
		{D2AAB060-8575-4DB6-AF93-CDC663D427AD}.Release|x86.ActiveCfg = Release|x86
		{D2AAB060-8575-4DB6-AF93-CDC663D427AD}.Release|x86.Build.0 = Release|x86
	EndGlobalSection
	GlobalSection(SolutionProperties) = preSolution
		HideSolutionNode = FALSE
	EndGlobalSection
EndGlobal
